Microsoft Visual Studio Solution File, Format Version 12.00
# Visual Studio Version 17
VisualStudioVersion = 17.5.2.0
MinimumVisualStudioVersion = 10.0.40219.1
Project("{FAE04EC0-301F-11D3-BF4B-00C04F79EFBC}") = "ChatWebSocketServer", "ChatWebSocketServer\ChatWebSocketServer.csproj", "{61F7D6D9-1BDA-6C46-1FD9-91A025659CDC}"
EndProject
Global
	GlobalSection(SolutionConfigurationPlatforms) = preSolution
		Debug|Any CPU = Debug|Any CPU
		Release|Any CPU = Release|Any CPU
	EndGlobalSection
	GlobalSection(ProjectConfigurationPlatforms) = postSolution
		{61F7D6D9-1BDA-6C46-1FD9-91A025659CDC}.Debug|Any CPU.ActiveCfg = Debug|Any CPU
		{61F7D6D9-1BDA-6C46-1FD9-91A025659CDC}.Debug|Any CPU.Build.0 = Debug|Any CPU
		{61F7D6D9-1BDA-6C46-1FD9-91A025659CDC}.Release|Any CPU.ActiveCfg = Release|Any CPU
		{61F7D6D9-1BDA-6C46-1FD9-91A025659CDC}.Release|Any CPU.Build.0 = Release|Any CPU
	EndGlobalSection
	GlobalSection(SolutionProperties) = preSolution
		HideSolutionNode = FALSE
	EndGlobalSection
	GlobalSection(ExtensibilityGlobals) = postSolution
		SolutionGuid = {4CDC32B8-09A4-4E2F-AAD0-A529C7306EE8}
	EndGlobalSection
EndGlobal
